{
  "nodes": {
    "nix": {
      "flake": false,
      "locked": {
        "lastModified": 1654014617,
        "narHash": "sha256-qNL3lQPBsnStkru3j1ajN/H+knXI+X3dku8/dBfSw3g=",
        "owner": "NixOS",
        "repo": "nix",
        "rev": "624e38aa43f304fbb78b4779172809add042b513",
        "type": "github"
      },
      "original": {
        "id": "nix",
        "rev": "624e38aa43f304fbb78b4779172809add042b513",
        "type": "indirect"
      }
    },
    "nixpkgs": {
      "locked": {
        "lastModified": 1700272409,
        "narHash": "sha256-Mge6iOvomplBsvQ47sIeVAwAUGSVXH4qCW4pLUt/qMI=",
        "owner": "NixOS",
        "repo": "nixpkgs",
        "rev": "8e5e424b1c059e9ccf5db6a652458e30de05fa3a",
        "type": "github"
      },
      "original": {
        "id": "nixpkgs",
        "rev": "8e5e424b1c059e9ccf5db6a652458e30de05fa3a",
        "type": "indirect"
      }
    },
    "root": {
      "inputs": {
        "nix": "nix",
        "nixpkgs": "nixpkgs"
      }
    }
  },
  "root": "root",
  "version": 7
}
